
Microsoft Visual Studio Solution File, Format Version 12.00
# Visual Studio Version 17
VisualStudioVersion = 17.0.31919.166
MinimumVisualStudioVersion = 10.0.40219.1
Project("{9A19103F-16F7-4668-BE54-9A1E7A4F7556}") = "MonoChess", "Source\MonoChess.csproj", "{0962C278-4DF7-4C8B-BC8A-08F50CE43371}"
EndProject
Global
	GlobalSection(SolutionConfigurationPlatforms) = preSolution
		Debug|Any CPU = Debug|Any CPU
		Release|Any CPU = Release|Any CPU
	EndGlobalSection
	GlobalSection(ProjectConfigurationPlatforms) = postSolution
		{0962C278-4DF7-4C8B-BC8A-08F50CE43371}.Debug|Any CPU.ActiveCfg = Debug|Any CPU
		{0962C278-4DF7-4C8B-BC8A-08F50CE43371}.Debug|Any CPU.Build.0 = Debug|Any CPU
		{0962C278-4DF7-4C8B-BC8A-08F50CE43371}.Release|Any CPU.ActiveCfg = Release|Any CPU
		{0962C278-4DF7-4C8B-BC8A-08F50CE43371}.Release|Any CPU.Build.0 = Release|Any CPU
	EndGlobalSection
	GlobalSection(SolutionProperties) = preSolution
		HideSolutionNode = FALSE
	EndGlobalSection
	GlobalSection(ExtensibilityGlobals) = postSolution
		SolutionGuid = {13F6F8B5-9869-42A7-B445-96DA871FB042}
	EndGlobalSection
EndGlobal
