
Microsoft Visual Studio Solution File, Format Version 12.00
# Visual Studio Version 17
VisualStudioVersion = 17.11.34909.67
MinimumVisualStudioVersion = 10.0.40219.1
Project("{9A19103F-16F7-4668-BE54-9A1E7A4F7556}") = "MonoChess", "MonoChess\MonoChess.csproj", "{EB9D864E-A6C1-452B-AA09-D73674D83002}"
EndProject
Project("{9A19103F-16F7-4668-BE54-9A1E7A4F7556}") = "Test", "Tests\Test.csproj", "{681AA4C3-C5C0-4D6F-9A27-44E6F05E3F25}"
EndProject
Global
	GlobalSection(SolutionConfigurationPlatforms) = preSolution
		Debug|Any CPU = Debug|Any CPU
		Release|Any CPU = Release|Any CPU
	EndGlobalSection
	GlobalSection(ProjectConfigurationPlatforms) = postSolution
		{EB9D864E-A6C1-452B-AA09-D73674D83002}.Debug|Any CPU.ActiveCfg = Debug|Any CPU
		{EB9D864E-A6C1-452B-AA09-D73674D83002}.Debug|Any CPU.Build.0 = Debug|Any CPU
		{EB9D864E-A6C1-452B-AA09-D73674D83002}.Release|Any CPU.ActiveCfg = Release|Any CPU
		{EB9D864E-A6C1-452B-AA09-D73674D83002}.Release|Any CPU.Build.0 = Release|Any CPU
		{681AA4C3-C5C0-4D6F-9A27-44E6F05E3F25}.Debug|Any CPU.ActiveCfg = Debug|Any CPU
		{681AA4C3-C5C0-4D6F-9A27-44E6F05E3F25}.Debug|Any CPU.Build.0 = Debug|Any CPU
		{681AA4C3-C5C0-4D6F-9A27-44E6F05E3F25}.Release|Any CPU.ActiveCfg = Release|Any CPU
		{681AA4C3-C5C0-4D6F-9A27-44E6F05E3F25}.Release|Any CPU.Build.0 = Release|Any CPU
	EndGlobalSection
	GlobalSection(SolutionProperties) = preSolution
		HideSolutionNode = FALSE
	EndGlobalSection
	GlobalSection(ExtensibilityGlobals) = postSolution
		SolutionGuid = {5CF93D05-6ED8-433C-9CC7-176BEB78CFEC}
	EndGlobalSection
EndGlobal
